{
  "name": "trello-iqb",
  "version": "1.0.0",
  "lockfileVersion": 2,
  "requires": true,
  "packages": {
    "": {
      "name": "trello-iqb",
      "version": "1.0.0",
      "license": "ISC",
      "dependencies": {
        "trello": "^0.3.0"
      }
    },
    "node_modules/restler": {
      "version": "2.0.1",
      "resolved": "https://registry.npmjs.org/restler/-/restler-2.0.1.tgz",
      "integrity": "sha1-WT49T6xrk/r/ocXtDKl/o0IgeMg=",
      "engines": {
        "node": ">= 0.6.x"
      }
    },
    "node_modules/trello": {
      "version": "0.3.0",
      "resolved": "https://registry.npmjs.org/trello/-/trello-0.3.0.tgz",
      "integrity": "sha1-4y0Qf1CdFEl2rnqfxguazWzDbUk=",
      "dependencies": {
        "restler": "~2.0.1"
      },
      "engines": {
        "node": "*"
      }
    }
  },
  "dependencies": {
    "restler": {
      "version": "2.0.1",
      "resolved": "https://registry.npmjs.org/restler/-/restler-2.0.1.tgz",
      "integrity": "sha1-WT49T6xrk/r/ocXtDKl/o0IgeMg="
    },
    "trello": {
      "version": "0.3.0",
      "resolved": "https://registry.npmjs.org/trello/-/trello-0.3.0.tgz",
      "integrity": "sha1-4y0Qf1CdFEl2rnqfxguazWzDbUk=",
      "requires": {
        "restler": "~2.0.1"
      }
    }
  }
}
